// !$*UTF8*$!
{
	archiveVersion = 1;
	classes = {
	};
	objectVersion = 46;
	objects = {

/* Begin PBXBuildFile section */
		5B2428BC1B536CD200D4D723 /* basicGun.wav in Resources */ = {isa = PBXBuildFile; fileRef = 5B2428BB1B536CD200D4D723 /* basicGun.wav */; };
		5B2428BE1B536CE200D4D723 /* LevelOneIntroLoop.mp3 in Resources */ = {isa = PBXBuildFile; fileRef = 5B2428BD1B536CE200D4D723 /* LevelOneIntroLoop.mp3 */; };
		5B2428C01B536CEA00D4D723 /* LevelOneMainLoop.mp3 in Resources */ = {isa = PBXBuildFile; fileRef = 5B2428BF1B536CEA00D4D723 /* LevelOneMainLoop.mp3 */; };
		5B2428C21B53714E00D4D723 /* LevelOne.mp3 in Resources */ = {isa = PBXBuildFile; fileRef = 5B2428C11B53714E00D4D723 /* LevelOne.mp3 */; };
		5B25392F1B4673AB00642AD6 /* IntroThemeAughtV2.mp3 in Resources */ = {isa = PBXBuildFile; fileRef = 5B25392E1B4673AB00642AD6 /* IntroThemeAughtV2.mp3 */; };
		5B2539311B4674C600642AD6 /* MainMenuScene.swift in Sources */ = {isa = PBXBuildFile; fileRef = 5B2539301B4674C600642AD6 /* MainMenuScene.swift */; };
		5B2539331B46751900642AD6 /* LevelData.swift in Sources */ = {isa = PBXBuildFile; fileRef = 5B2539321B46751900642AD6 /* LevelData.swift */; };
		5B2539351B46774A00642AD6 /* MainMenuScene.sks in Resources */ = {isa = PBXBuildFile; fileRef = 5B2539341B46774A00642AD6 /* MainMenuScene.sks */; };
		5B4A41221B458905001A6AEA /* EnemyTypes.swift in Sources */ = {isa = PBXBuildFile; fileRef = 5B4A41211B458905001A6AEA /* EnemyTypes.swift */; };
		5B4A41241B458E6A001A6AEA /* CollisonData.swift in Sources */ = {isa = PBXBuildFile; fileRef = 5B4A41231B458E6A001A6AEA /* CollisonData.swift */; };
		5B4A41261B45D481001A6AEA /* Proportions in Resources */ = {isa = PBXBuildFile; fileRef = 5B4A41251B45D481001A6AEA /* Proportions */; };
		5B5435341B570EBE00CFB839 /* VariablesAndMultipliers.swift in Sources */ = {isa = PBXBuildFile; fileRef = 5B5435331B570EBE00CFB839 /* VariablesAndMultipliers.swift */; };
		5B68D91B1B48AAD300DD2284 /* EnemyInformation in Resources */ = {isa = PBXBuildFile; fileRef = 5B68D91A1B48AAD300DD2284 /* EnemyInformation */; };
		5B68D9211B48C4C700DD2284 /* MainGameMenu.sks in Resources */ = {isa = PBXBuildFile; fileRef = 5B68D9201B48C4C700DD2284 /* MainGameMenu.sks */; };
		5B68D9231B48C4DA00DD2284 /* MainGameMenu.swift in Sources */ = {isa = PBXBuildFile; fileRef = 5B68D9221B48C4DA00DD2284 /* MainGameMenu.swift */; };
		5B70C03A1B54564C00F2EA73 /* EnemyMechanix.swift in Sources */ = {isa = PBXBuildFile; fileRef = 5B70C0391B54564C00F2EA73 /* EnemyMechanix.swift */; };
		5B70C03E1B545C6F00F2EA73 /* Fabric.framework in Frameworks */ = {isa = PBXBuildFile; fileRef = 5B70C03C1B545C6F00F2EA73 /* Fabric.framework */; };
		5B70C03F1B545C7000F2EA73 /* Crashlytics.framework in Frameworks */ = {isa = PBXBuildFile; fileRef = 5B70C03D1B545C6F00F2EA73 /* Crashlytics.framework */; };
		5B76438B1B5548000059C203 /* MissionMenu.swift in Sources */ = {isa = PBXBuildFile; fileRef = 5B76438A1B5548000059C203 /* MissionMenu.swift */; };
		5B8AD2B11B54054900E213DD /* Asteroids.swift in Sources */ = {isa = PBXBuildFile; fileRef = 5B8AD2B01B54054900E213DD /* Asteroids.swift */; };
		5B955CED1B577059006EFD3C /* MyParticle.sks in Resources */ = {isa = PBXBuildFile; fileRef = 5B955CEB1B577059006EFD3C /* MyParticle.sks */; };
		5B955CEE1B577059006EFD3C /* spark.png in Resources */ = {isa = PBXBuildFile; fileRef = 5B955CEC1B577059006EFD3C /* spark.png */; };
		5BD1E7CA1B4EB259003B1B49 /* BattleSceneBackground.swift in Sources */ = {isa = PBXBuildFile; fileRef = 5BD1E7C91B4EB259003B1B49 /* BattleSceneBackground.swift */; };
		5BDF48641B42DEEB00CBD6E5 /* AppDelegate.swift in Sources */ = {isa = PBXBuildFile; fileRef = 5BDF48631B42DEEB00CBD6E5 /* AppDelegate.swift */; };
		5BDF48661B42DEEB00CBD6E5 /* BattleScene.sks in Resources */ = {isa = PBXBuildFile; fileRef = 5BDF48651B42DEEB00CBD6E5 /* BattleScene.sks */; };
		5BDF48681B42DEEB00CBD6E5 /* BattleScene.swift in Sources */ = {isa = PBXBuildFile; fileRef = 5BDF48671B42DEEB00CBD6E5 /* BattleScene.swift */; };
		5BDF486A1B42DEEB00CBD6E5 /* GameViewController.swift in Sources */ = {isa = PBXBuildFile; fileRef = 5BDF48691B42DEEB00CBD6E5 /* GameViewController.swift */; };
		5BDF48721B42DEEB00CBD6E5 /* LaunchScreen.xib in Resources */ = {isa = PBXBuildFile; fileRef = 5BDF48701B42DEEB00CBD6E5 /* LaunchScreen.xib */; };
		5BDF487E1B42DEEB00CBD6E5 /* MercenaryTests.swift in Sources */ = {isa = PBXBuildFile; fileRef = 5BDF487D1B42DEEB00CBD6E5 /* MercenaryTests.swift */; };
		5BDF48891B42E09100CBD6E5 /* Main.storyboard in Resources */ = {isa = PBXBuildFile; fileRef = 5BDF48881B42E09100CBD6E5 /* Main.storyboard */; };
		5BDF48BB1B43405300CBD6E5 /* Weapons.swift in Sources */ = {isa = PBXBuildFile; fileRef = 5BDF48BA1B43405300CBD6E5 /* Weapons.swift */; };
		5BE57E841B57C3B500F13B5A /* LevelOneV2.mp3 in Resources */ = {isa = PBXBuildFile; fileRef = 5BE57E831B57C3B500F13B5A /* LevelOneV2.mp3 */; };
		5BE57E861B57C3BB00F13B5A /* LevelOneMainLoopV2.mp3 in Resources */ = {isa = PBXBuildFile; fileRef = 5BE57E851B57C3BB00F13B5A /* LevelOneMainLoopV2.mp3 */; };
		5BE57E891B57C3C700F13B5A /* laserFire1.wav in Resources */ = {isa = PBXBuildFile; fileRef = 5BE57E871B57C3C700F13B5A /* laserFire1.wav */; };
		5BE57E8A1B57C3C700F13B5A /* machinegun1.wav in Resources */ = {isa = PBXBuildFile; fileRef = 5BE57E881B57C3C700F13B5A /* machinegun1.wav */; };
		5BE57E8C1B57C82300F13B5A /* basicGunV2.wav in Resources */ = {isa = PBXBuildFile; fileRef = 5BE57E8B1B57C82300F13B5A /* basicGunV2.wav */; };
		5BE57E8E1B57C82C00F13B5A /* laserFireV2.wav in Resources */ = {isa = PBXBuildFile; fileRef = 5BE57E8D1B57C82C00F13B5A /* laserFireV2.wav */; };
		5BE57E901B57E8BF00F13B5A /* Images.xcassets in Resources */ = {isa = PBXBuildFile; fileRef = 5BE57E8F1B57E8BF00F13B5A /* Images.xcassets */; };
		5BE57E921B57E92B00F13B5A /* Explosions.swift in Sources */ = {isa = PBXBuildFile; fileRef = 5BE57E911B57E92B00F13B5A /* Explosions.swift */; };
/* End PBXBuildFile section */

/* Begin PBXContainerItemProxy section */
		5BDF48781B42DEEB00CBD6E5 /* PBXContainerItemProxy */ = {
			isa = PBXContainerItemProxy;
			containerPortal = 5BDF48561B42DEEA00CBD6E5 /* Project object */;
			proxyType = 1;
			remoteGlobalIDString = 5BDF485D1B42DEEB00CBD6E5;
			remoteInfo = Mercenary;
		};
/* End PBXContainerItemProxy section */

/* Begin PBXFileReference section */
		5B2428BB1B536CD200D4D723 /* basicGun.wav */ = {isa = PBXFileReference; lastKnownFileType = audio.wav; path = basicGun.wav; sourceTree = "<group>"; };
		5B2428BD1B536CE200D4D723 /* LevelOneIntroLoop.mp3 */ = {isa = PBXFileReference; lastKnownFileType = audio.mp3; path = LevelOneIntroLoop.mp3; sourceTree = "<group>"; };
		5B2428BF1B536CEA00D4D723 /* LevelOneMainLoop.mp3 */ = {isa = PBXFileReference; lastKnownFileType = audio.mp3; path = LevelOneMainLoop.mp3; sourceTree = "<group>"; };
		5B2428C11B53714E00D4D723 /* LevelOne.mp3 */ = {isa = PBXFileReference; lastKnownFileType = audio.mp3; path = LevelOne.mp3; sourceTree = "<group>"; };
		5B25392E1B4673AB00642AD6 /* IntroThemeAughtV2.mp3 */ = {isa = PBXFileReference; lastKnownFileType = audio.mp3; path = IntroThemeAughtV2.mp3; sourceTree = "<group>"; };
		5B2539301B4674C600642AD6 /* MainMenuScene.swift */ = {isa = PBXFileReference; fileEncoding = 4; lastKnownFileType = sourcecode.swift; name = MainMenuScene.swift; path = Mercenary/MainMenuScene.swift; sourceTree = "<group>"; };
		5B2539321B46751900642AD6 /* LevelData.swift */ = {isa = PBXFileReference; fileEncoding = 4; lastKnownFileType = sourcecode.swift; path = LevelData.swift; sourceTree = "<group>"; };
		5B2539341B46774A00642AD6 /* MainMenuScene.sks */ = {isa = PBXFileReference; lastKnownFileType = file.sks; name = MainMenuScene.sks; path = Mercenary/MainMenuScene.sks; sourceTree = "<group>"; };
		5B4A41211B458905001A6AEA /* EnemyTypes.swift */ = {isa = PBXFileReference; fileEncoding = 4; lastKnownFileType = sourcecode.swift; path = EnemyTypes.swift; sourceTree = "<group>"; };
		5B4A41231B458E6A001A6AEA /* CollisonData.swift */ = {isa = PBXFileReference; fileEncoding = 4; lastKnownFileType = sourcecode.swift; path = CollisonData.swift; sourceTree = "<group>"; };
		5B4A41251B45D481001A6AEA /* Proportions */ = {isa = PBXFileReference; fileEncoding = 4; lastKnownFileType = text; path = Proportions; sourceTree = "<group>"; };
		5B5435331B570EBE00CFB839 /* VariablesAndMultipliers.swift */ = {isa = PBXFileReference; fileEncoding = 4; lastKnownFileType = sourcecode.swift; path = VariablesAndMultipliers.swift; sourceTree = "<group>"; };
		5B68D91A1B48AAD300DD2284 /* EnemyInformation */ = {isa = PBXFileReference; fileEncoding = 4; lastKnownFileType = text; path = EnemyInformation; sourceTree = "<group>"; };
		5B68D9201B48C4C700DD2284 /* MainGameMenu.sks */ = {isa = PBXFileReference; lastKnownFileType = file.sks; path = MainGameMenu.sks; sourceTree = "<group>"; };
		5B68D9221B48C4DA00DD2284 /* MainGameMenu.swift */ = {isa = PBXFileReference; fileEncoding = 4; lastKnownFileType = sourcecode.swift; path = MainGameMenu.swift; sourceTree = "<group>"; };
		5B70C0391B54564C00F2EA73 /* EnemyMechanix.swift */ = {isa = PBXFileReference; fileEncoding = 4; lastKnownFileType = sourcecode.swift; path = EnemyMechanix.swift; sourceTree = "<group>"; };
		5B70C03C1B545C6F00F2EA73 /* Fabric.framework */ = {isa = PBXFileReference; lastKnownFileType = wrapper.framework; path = Fabric.framework; sourceTree = "<group>"; };
		5B70C03D1B545C6F00F2EA73 /* Crashlytics.framework */ = {isa = PBXFileReference; lastKnownFileType = wrapper.framework; path = Crashlytics.framework; sourceTree = "<group>"; };
		5B76438A1B5548000059C203 /* MissionMenu.swift */ = {isa = PBXFileReference; fileEncoding = 4; lastKnownFileType = sourcecode.swift; path = MissionMenu.swift; sourceTree = "<group>"; };
		5B8AD2B01B54054900E213DD /* Asteroids.swift */ = {isa = PBXFileReference; fileEncoding = 4; lastKnownFileType = sourcecode.swift; path = Asteroids.swift; sourceTree = "<group>"; };
		5B955CEB1B577059006EFD3C /* MyParticle.sks */ = {isa = PBXFileReference; lastKnownFileType = file.sks; path = MyParticle.sks; sourceTree = "<group>"; };
		5B955CEC1B577059006EFD3C /* spark.png */ = {isa = PBXFileReference; lastKnownFileType = image.png; path = spark.png; sourceTree = "<group>"; };
		5BD1E7C91B4EB259003B1B49 /* BattleSceneBackground.swift */ = {isa = PBXFileReference; fileEncoding = 4; lastKnownFileType = sourcecode.swift; path = BattleSceneBackground.swift; sourceTree = "<group>"; };
		5BDF485E1B42DEEB00CBD6E5 /* Mercenary.app */ = {isa = PBXFileReference; explicitFileType = wrapper.application; includeInIndex = 0; path = Mercenary.app; sourceTree = BUILT_PRODUCTS_DIR; };
		5BDF48621B42DEEB00CBD6E5 /* Info.plist */ = {isa = PBXFileReference; lastKnownFileType = text.plist.xml; path = Info.plist; sourceTree = "<group>"; };
		5BDF48631B42DEEB00CBD6E5 /* AppDelegate.swift */ = {isa = PBXFileReference; lastKnownFileType = sourcecode.swift; path = AppDelegate.swift; sourceTree = "<group>"; };
		5BDF48651B42DEEB00CBD6E5 /* BattleScene.sks */ = {isa = PBXFileReference; lastKnownFileType = file.sks; path = BattleScene.sks; sourceTree = "<group>"; };
		5BDF48671B42DEEB00CBD6E5 /* BattleScene.swift */ = {isa = PBXFileReference; lastKnownFileType = sourcecode.swift; path = BattleScene.swift; sourceTree = "<group>"; };
		5BDF48691B42DEEB00CBD6E5 /* GameViewController.swift */ = {isa = PBXFileReference; lastKnownFileType = sourcecode.swift; path = GameViewController.swift; sourceTree = "<group>"; };
		5BDF48711B42DEEB00CBD6E5 /* Base */ = {isa = PBXFileReference; lastKnownFileType = file.xib; name = Base; path = Base.lproj/LaunchScreen.xib; sourceTree = "<group>"; };
		5BDF48771B42DEEB00CBD6E5 /* MercenaryTests.xctest */ = {isa = PBXFileReference; explicitFileType = wrapper.cfbundle; includeInIndex = 0; path = MercenaryTests.xctest; sourceTree = BUILT_PRODUCTS_DIR; };
		5BDF487C1B42DEEB00CBD6E5 /* Info.plist */ = {isa = PBXFileReference; lastKnownFileType = text.plist.xml; path = Info.plist; sourceTree = "<group>"; };
		5BDF487D1B42DEEB00CBD6E5 /* MercenaryTests.swift */ = {isa = PBXFileReference; lastKnownFileType = sourcecode.swift; path = MercenaryTests.swift; sourceTree = "<group>"; };
		5BDF48881B42E09100CBD6E5 /* Main.storyboard */ = {isa = PBXFileReference; fileEncoding = 4; lastKnownFileType = file.storyboard; path = Main.storyboard; sourceTree = "<group>"; };
		5BDF48BA1B43405300CBD6E5 /* Weapons.swift */ = {isa = PBXFileReference; fileEncoding = 4; lastKnownFileType = sourcecode.swift; path = Weapons.swift; sourceTree = "<group>"; };
		5BE57E831B57C3B500F13B5A /* LevelOneV2.mp3 */ = {isa = PBXFileReference; lastKnownFileType = audio.mp3; path = LevelOneV2.mp3; sourceTree = "<group>"; };
		5BE57E851B57C3BB00F13B5A /* LevelOneMainLoopV2.mp3 */ = {isa = PBXFileReference; lastKnownFileType = audio.mp3; path = LevelOneMainLoopV2.mp3; sourceTree = "<group>"; };
		5BE57E871B57C3C700F13B5A /* laserFire1.wav */ = {isa = PBXFileReference; lastKnownFileType = audio.wav; path = laserFire1.wav; sourceTree = "<group>"; };
		5BE57E881B57C3C700F13B5A /* machinegun1.wav */ = {isa = PBXFileReference; lastKnownFileType = audio.wav; path = machinegun1.wav; sourceTree = "<group>"; };
		5BE57E8B1B57C82300F13B5A /* basicGunV2.wav */ = {isa = PBXFileReference; lastKnownFileType = audio.wav; path = basicGunV2.wav; sourceTree = "<group>"; };
		5BE57E8D1B57C82C00F13B5A /* laserFireV2.wav */ = {isa = PBXFileReference; lastKnownFileType = audio.wav; path = laserFireV2.wav; sourceTree = "<group>"; };
		5BE57E8F1B57E8BF00F13B5A /* Images.xcassets */ = {isa = PBXFileReference; lastKnownFileType = folder.assetcatalog; path = Images.xcassets; sourceTree = "<group>"; };
		5BE57E911B57E92B00F13B5A /* Explosions.swift */ = {isa = PBXFileReference; fileEncoding = 4; lastKnownFileType = sourcecode.swift; path = Explosions.swift; sourceTree = "<group>"; };
/* End PBXFileReference section */

/* Begin PBXFrameworksBuildPhase section */
		5BDF485B1B42DEEB00CBD6E5 /* Frameworks */ = {
			isa = PBXFrameworksBuildPhase;
			buildActionMask = 2147483647;
			files = (
				5B70C03F1B545C7000F2EA73 /* Crashlytics.framework in Frameworks */,
				5B70C03E1B545C6F00F2EA73 /* Fabric.framework in Frameworks */,
			);
			runOnlyForDeploymentPostprocessing = 0;
		};
		5BDF48741B42DEEB00CBD6E5 /* Frameworks */ = {
			isa = PBXFrameworksBuildPhase;
			buildActionMask = 2147483647;
			files = (
			);
			runOnlyForDeploymentPostprocessing = 0;
		};
/* End PBXFrameworksBuildPhase section */

/* Begin PBXGroup section */
		5B25392D1B46739500642AD6 /* MusicAndSFX */ = {
			isa = PBXGroup;
			children = (
				5B2428BF1B536CEA00D4D723 /* LevelOneMainLoop.mp3 */,
				5BE57E8B1B57C82300F13B5A /* basicGunV2.wav */,
				5BE57E831B57C3B500F13B5A /* LevelOneV2.mp3 */,
				5BE57E8D1B57C82C00F13B5A /* laserFireV2.wav */,
				5BE57E851B57C3BB00F13B5A /* LevelOneMainLoopV2.mp3 */,
				5BE57E871B57C3C700F13B5A /* laserFire1.wav */,
				5BE57E881B57C3C700F13B5A /* machinegun1.wav */,
				5B2428BD1B536CE200D4D723 /* LevelOneIntroLoop.mp3 */,
				5B2428C11B53714E00D4D723 /* LevelOne.mp3 */,
				5B2428BB1B536CD200D4D723 /* basicGun.wav */,
				5B25392E1B4673AB00642AD6 /* IntroThemeAughtV2.mp3 */,
			);
			name = MusicAndSFX;
			sourceTree = "<group>";
		};
		5B68D91E1B48C47600DD2284 /* StartScreen */ = {
			isa = PBXGroup;
			children = (
				5B2539301B4674C600642AD6 /* MainMenuScene.swift */,
				5B2539341B46774A00642AD6 /* MainMenuScene.sks */,
			);
			name = StartScreen;
			path = ..;
			sourceTree = "<group>";
		};
		5B68D91F1B48C4A200DD2284 /* Main Menu */ = {
			isa = PBXGroup;
			children = (
				5B68D9221B48C4DA00DD2284 /* MainGameMenu.swift */,
				5B68D9201B48C4C700DD2284 /* MainGameMenu.sks */,
			);
			name = "Main Menu";
			sourceTree = "<group>";
		};
		5B70C0381B54563000F2EA73 /* Enemy Mechanix */ = {
			isa = PBXGroup;
			children = (
				5B8AD2B01B54054900E213DD /* Asteroids.swift */,
				5B4A41211B458905001A6AEA /* EnemyTypes.swift */,
				5B70C0391B54564C00F2EA73 /* EnemyMechanix.swift */,
			);
			name = "Enemy Mechanix";
			sourceTree = "<group>";
		};
		5B7643891B55467B0059C203 /* Mission Menu */ = {
			isa = PBXGroup;
			children = (
				5B76438A1B5548000059C203 /* MissionMenu.swift */,
			);
			name = "Mission Menu";
			sourceTree = "<group>";
		};
		5BDF48551B42DEEA00CBD6E5 = {
			isa = PBXGroup;
			children = (
				5BE57E911B57E92B00F13B5A /* Explosions.swift */,
				5BDF48601B42DEEB00CBD6E5 /* Mercenary */,
				5BDF487A1B42DEEB00CBD6E5 /* MercenaryTests */,
				5BDF485F1B42DEEB00CBD6E5 /* Products */,
			);
			sourceTree = "<group>";
		};
		5BDF485F1B42DEEB00CBD6E5 /* Products */ = {
			isa = PBXGroup;
			children = (
				5BDF485E1B42DEEB00CBD6E5 /* Mercenary.app */,
				5BDF48771B42DEEB00CBD6E5 /* MercenaryTests.xctest */,
			);
			name = Products;
			sourceTree = "<group>";
		};
		5BDF48601B42DEEB00CBD6E5 /* Mercenary */ = {
			isa = PBXGroup;
			children = (
				5B7643891B55467B0059C203 /* Mission Menu */,
				5B70C0381B54563000F2EA73 /* Enemy Mechanix */,
				5B68D91F1B48C4A200DD2284 /* Main Menu */,
				5B68D91E1B48C47600DD2284 /* StartScreen */,
				5BDF48871B42DFC300CBD6E5 /* Battle Scene */,
				5B2539321B46751900642AD6 /* LevelData.swift */,
				5BDF48BA1B43405300CBD6E5 /* Weapons.swift */,
				5B4A41231B458E6A001A6AEA /* CollisonData.swift */,
				5BDF48611B42DEEB00CBD6E5 /* Supporting Files */,
				5B955CEB1B577059006EFD3C /* MyParticle.sks */,
				5B955CEC1B577059006EFD3C /* spark.png */,
			);
			path = Mercenary;
			sourceTree = "<group>";
		};
		5BDF48611B42DEEB00CBD6E5 /* Supporting Files */ = {
			isa = PBXGroup;
			children = (
				5B70C03C1B545C6F00F2EA73 /* Fabric.framework */,
				5B70C03D1B545C6F00F2EA73 /* Crashlytics.framework */,
				5B25392D1B46739500642AD6 /* MusicAndSFX */,
				5B4A41251B45D481001A6AEA /* Proportions */,
				5BDF48631B42DEEB00CBD6E5 /* AppDelegate.swift */,
				5BDF48691B42DEEB00CBD6E5 /* GameViewController.swift */,
				5BDF48881B42E09100CBD6E5 /* Main.storyboard */,
				5BE57E8F1B57E8BF00F13B5A /* Images.xcassets */,
				5BDF48701B42DEEB00CBD6E5 /* LaunchScreen.xib */,
				5BDF48621B42DEEB00CBD6E5 /* Info.plist */,
				5B68D91A1B48AAD300DD2284 /* EnemyInformation */,
			);
			name = "Supporting Files";
			sourceTree = "<group>";
		};
		5BDF487A1B42DEEB00CBD6E5 /* MercenaryTests */ = {
			isa = PBXGroup;
			children = (
				5BDF487D1B42DEEB00CBD6E5 /* MercenaryTests.swift */,
				5BDF487B1B42DEEB00CBD6E5 /* Supporting Files */,
			);
			path = MercenaryTests;
			sourceTree = "<group>";
		};
		5BDF487B1B42DEEB00CBD6E5 /* Supporting Files */ = {
			isa = PBXGroup;
			children = (
				5BDF487C1B42DEEB00CBD6E5 /* Info.plist */,
			);
			name = "Supporting Files";
			sourceTree = "<group>";
		};
		5BDF48871B42DFC300CBD6E5 /* Battle Scene */ = {
			isa = PBXGroup;
			children = (
				5BDF48651B42DEEB00CBD6E5 /* BattleScene.sks */,
				5BD1E7C91B4EB259003B1B49 /* BattleSceneBackground.swift */,
				5BDF48671B42DEEB00CBD6E5 /* BattleScene.swift */,
				5B5435331B570EBE00CFB839 /* VariablesAndMultipliers.swift */,
			);
			name = "Battle Scene";
			sourceTree = "<group>";
		};
/* End PBXGroup section */

/* Begin PBXNativeTarget section */
		5BDF485D1B42DEEB00CBD6E5 /* Mercenary */ = {
			isa = PBXNativeTarget;
			buildConfigurationList = 5BDF48811B42DEEB00CBD6E5 /* Build configuration list for PBXNativeTarget "Mercenary" */;
			buildPhases = (
				5BDF485A1B42DEEB00CBD6E5 /* Sources */,
				5BDF485B1B42DEEB00CBD6E5 /* Frameworks */,
				5BDF485C1B42DEEB00CBD6E5 /* Resources */,
				5B70C03B1B545C5500F2EA73 /* ShellScript */,
			);
			buildRules = (
			);
			dependencies = (
			);
			name = Mercenary;
			productName = Mercenary;
			productReference = 5BDF485E1B42DEEB00CBD6E5 /* Mercenary.app */;
			productType = "com.apple.product-type.application";
		};
		5BDF48761B42DEEB00CBD6E5 /* MercenaryTests */ = {
			isa = PBXNativeTarget;
			buildConfigurationList = 5BDF48841B42DEEB00CBD6E5 /* Build configuration list for PBXNativeTarget "MercenaryTests" */;
			buildPhases = (
				5BDF48731B42DEEB00CBD6E5 /* Sources */,
				5BDF48741B42DEEB00CBD6E5 /* Frameworks */,
				5BDF48751B42DEEB00CBD6E5 /* Resources */,
			);
			buildRules = (
			);
			dependencies = (
				5BDF48791B42DEEB00CBD6E5 /* PBXTargetDependency */,
			);
			name = MercenaryTests;
			productName = MercenaryTests;
			productReference = 5BDF48771B42DEEB00CBD6E5 /* MercenaryTests.xctest */;
			productType = "com.apple.product-type.bundle.unit-test";
		};
/* End PBXNativeTarget section */

/* Begin PBXProject section */
		5BDF48561B42DEEA00CBD6E5 /* Project object */ = {
			isa = PBXProject;
			attributes = {
				LastSwiftUpdateCheck = 0700;
				LastUpgradeCheck = 0630;
				ORGANIZATIONNAME = "Reed Carson";
				TargetAttributes = {
					5BDF485D1B42DEEB00CBD6E5 = {
						CreatedOnToolsVersion = 6.3.1;
					};
					5BDF48761B42DEEB00CBD6E5 = {
						CreatedOnToolsVersion = 6.3.1;
						TestTargetID = 5BDF485D1B42DEEB00CBD6E5;
					};
				};
			};
			buildConfigurationList = 5BDF48591B42DEEA00CBD6E5 /* Build configuration list for PBXProject "Mercenary" */;
			compatibilityVersion = "Xcode 3.2";
			developmentRegion = English;
			hasScannedForEncodings = 0;
			knownRegions = (
				en,
				Base,
			);
			mainGroup = 5BDF48551B42DEEA00CBD6E5;
			productRefGroup = 5BDF485F1B42DEEB00CBD6E5 /* Products */;
			projectDirPath = "";
			projectRoot = "";
			targets = (
				5BDF485D1B42DEEB00CBD6E5 /* Mercenary */,
				5BDF48761B42DEEB00CBD6E5 /* MercenaryTests */,
			);
		};
/* End PBXProject section */

/* Begin PBXResourcesBuildPhase section */
		5BDF485C1B42DEEB00CBD6E5 /* Resources */ = {
			isa = PBXResourcesBuildPhase;
			buildActionMask = 2147483647;
			files = (
				5BDF48721B42DEEB00CBD6E5 /* LaunchScreen.xib in Resources */,
				5B2428BE1B536CE200D4D723 /* LevelOneIntroLoop.mp3 in Resources */,
				5B2539351B46774A00642AD6 /* MainMenuScene.sks in Resources */,
				5BE57E8E1B57C82C00F13B5A /* laserFireV2.wav in Resources */,
				5B4A41261B45D481001A6AEA /* Proportions in Resources */,
				5B68D91B1B48AAD300DD2284 /* EnemyInformation in Resources */,
				5BE57E8C1B57C82300F13B5A /* basicGunV2.wav in Resources */,
				5BDF48661B42DEEB00CBD6E5 /* BattleScene.sks in Resources */,
				5B2428C01B536CEA00D4D723 /* LevelOneMainLoop.mp3 in Resources */,
				5BE57E901B57E8BF00F13B5A /* Images.xcassets in Resources */,
				5BE57E861B57C3BB00F13B5A /* LevelOneMainLoopV2.mp3 in Resources */,
				5B2428BC1B536CD200D4D723 /* basicGun.wav in Resources */,
				5B2428C21B53714E00D4D723 /* LevelOne.mp3 in Resources */,
				5B955CEE1B577059006EFD3C /* spark.png in Resources */,
				5BDF48891B42E09100CBD6E5 /* Main.storyboard in Resources */,
				5BE57E8A1B57C3C700F13B5A /* machinegun1.wav in Resources */,
				5B955CED1B577059006EFD3C /* MyParticle.sks in Resources */,
				5BE57E891B57C3C700F13B5A /* laserFire1.wav in Resources */,
				5B25392F1B4673AB00642AD6 /* IntroThemeAughtV2.mp3 in Resources */,
				5BE57E841B57C3B500F13B5A /* LevelOneV2.mp3 in Resources */,
				5B68D9211B48C4C700DD2284 /* MainGameMenu.sks in Resources */,
			);
			runOnlyForDeploymentPostprocessing = 0;
		};
		5BDF48751B42DEEB00CBD6E5 /* Resources */ = {
			isa = PBXResourcesBuildPhase;
			buildActionMask = 2147483647;
			files = (
			);
			runOnlyForDeploymentPostprocessing = 0;
		};
/* End PBXResourcesBuildPhase section */

/* Begin PBXShellScriptBuildPhase section */
		5B70C03B1B545C5500F2EA73 /* ShellScript */ = {
			isa = PBXShellScriptBuildPhase;
			buildActionMask = 2147483647;
			files = (
			);
			inputPaths = (
			);
			outputPaths = (
			);
			runOnlyForDeploymentPostprocessing = 0;
			shellPath = /bin/sh;
			shellScript = "./Fabric.framework/run 919c1dcc4c93b4fe1ee65e25b0c8eacae9997ac5 b8b7a2280e59a3daecfcc578afa66830fd2f15742de7c1ecc8ffdd0ebb41fbd9";
		};
/* End PBXShellScriptBuildPhase section */

/* Begin PBXSourcesBuildPhase section */
		5BDF485A1B42DEEB00CBD6E5 /* Sources */ = {
			isa = PBXSourcesBuildPhase;
			buildActionMask = 2147483647;
			files = (
				5B8AD2B11B54054900E213DD /* Asteroids.swift in Sources */,
				5BD1E7CA1B4EB259003B1B49 /* BattleSceneBackground.swift in Sources */,
				5B5435341B570EBE00CFB839 /* VariablesAndMultipliers.swift in Sources */,
				5BDF48681B42DEEB00CBD6E5 /* BattleScene.swift in Sources */,
				5BE57E921B57E92B00F13B5A /* Explosions.swift in Sources */,
				5BDF48BB1B43405300CBD6E5 /* Weapons.swift in Sources */,
				5BDF486A1B42DEEB00CBD6E5 /* GameViewController.swift in Sources */,
				5BDF48641B42DEEB00CBD6E5 /* AppDelegate.swift in Sources */,
				5B2539331B46751900642AD6 /* LevelData.swift in Sources */,
				5B68D9231B48C4DA00DD2284 /* MainGameMenu.swift in Sources */,
				5B70C03A1B54564C00F2EA73 /* EnemyMechanix.swift in Sources */,
				5B76438B1B5548000059C203 /* MissionMenu.swift in Sources */,
				5B4A41241B458E6A001A6AEA /* CollisonData.swift in Sources */,
				5B2539311B4674C600642AD6 /* MainMenuScene.swift in Sources */,
				5B4A41221B458905001A6AEA /* EnemyTypes.swift in Sources */,
			);
			runOnlyForDeploymentPostprocessing = 0;
		};
		5BDF48731B42DEEB00CBD6E5 /* Sources */ = {
			isa = PBXSourcesBuildPhase;
			buildActionMask = 2147483647;
			files = (
				5BDF487E1B42DEEB00CBD6E5 /* MercenaryTests.swift in Sources */,
			);
			runOnlyForDeploymentPostprocessing = 0;
		};
/* End PBXSourcesBuildPhase section */

/* Begin PBXTargetDependency section */
		5BDF48791B42DEEB00CBD6E5 /* PBXTargetDependency */ = {
			isa = PBXTargetDependency;
			target = 5BDF485D1B42DEEB00CBD6E5 /* Mercenary */;
			targetProxy = 5BDF48781B42DEEB00CBD6E5 /* PBXContainerItemProxy */;
		};
/* End PBXTargetDependency section */

/* Begin PBXVariantGroup section */
		5BDF48701B42DEEB00CBD6E5 /* LaunchScreen.xib */ = {
			isa = PBXVariantGroup;
			children = (
				5BDF48711B42DEEB00CBD6E5 /* Base */,
			);
			name = LaunchScreen.xib;
			sourceTree = "<group>";
		};
/* End PBXVariantGroup section */

/* Begin XCBuildConfiguration section */
		5BDF487F1B42DEEB00CBD6E5 /* Debug */ = {
			isa = XCBuildConfiguration;
			buildSettings = {
				ALWAYS_SEARCH_USER_PATHS = NO;
				CLANG_CXX_LANGUAGE_STANDARD = "gnu++0x";
				CLANG_CXX_LIBRARY = "libc++";
				CLANG_ENABLE_MODULES = YES;
				CLANG_ENABLE_OBJC_ARC = YES;
				CLANG_WARN_BOOL_CONVERSION = YES;
				CLANG_WARN_CONSTANT_CONVERSION = YES;
				CLANG_WARN_DIRECT_OBJC_ISA_USAGE = YES_ERROR;
				CLANG_WARN_EMPTY_BODY = YES;
				CLANG_WARN_ENUM_CONVERSION = YES;
				CLANG_WARN_INT_CONVERSION = YES;
				CLANG_WARN_OBJC_ROOT_CLASS = YES_ERROR;
				CLANG_WARN_UNREACHABLE_CODE = YES;
				CLANG_WARN__DUPLICATE_METHOD_MATCH = YES;
				"CODE_SIGN_IDENTITY[sdk=iphoneos*]" = "iPhone Developer";
				COPY_PHASE_STRIP = NO;
				DEBUG_INFORMATION_FORMAT = "dwarf-with-dsym";
				ENABLE_STRICT_OBJC_MSGSEND = YES;
				GCC_C_LANGUAGE_STANDARD = gnu99;
				GCC_DYNAMIC_NO_PIC = NO;
				GCC_NO_COMMON_BLOCKS = YES;
				GCC_OPTIMIZATION_LEVEL = 0;
				GCC_PREPROCESSOR_DEFINITIONS = (
					"DEBUG=1",
					"$(inherited)",
				);
				GCC_SYMBOLS_PRIVATE_EXTERN = NO;
				GCC_WARN_64_TO_32_BIT_CONVERSION = YES;
				GCC_WARN_ABOUT_RETURN_TYPE = YES_ERROR;
				GCC_WARN_UNDECLARED_SELECTOR = YES;
				GCC_WARN_UNINITIALIZED_AUTOS = YES_AGGRESSIVE;
				GCC_WARN_UNUSED_FUNCTION = YES;
				GCC_WARN_UNUSED_VARIABLE = YES;
				IPHONEOS_DEPLOYMENT_TARGET = 8.3;
				MTL_ENABLE_DEBUG_INFO = YES;
				ONLY_ACTIVE_ARCH = YES;
				SDKROOT = iphoneos;
				SWIFT_OPTIMIZATION_LEVEL = "-Onone";
			};
			name = Debug;
		};
		5BDF48801B42DEEB00CBD6E5 /* Release */ = {
			isa = XCBuildConfiguration;
			buildSettings = {
				ALWAYS_SEARCH_USER_PATHS = NO;
				CLANG_CXX_LANGUAGE_STANDARD = "gnu++0x";
				CLANG_CXX_LIBRARY = "libc++";
				CLANG_ENABLE_MODULES = YES;
				CLANG_ENABLE_OBJC_ARC = YES;
				CLANG_WARN_BOOL_CONVERSION = YES;
				CLANG_WARN_CONSTANT_CONVERSION = YES;
				CLANG_WARN_DIRECT_OBJC_ISA_USAGE = YES_ERROR;
				CLANG_WARN_EMPTY_BODY = YES;
				CLANG_WARN_ENUM_CONVERSION = YES;
				CLANG_WARN_INT_CONVERSION = YES;
				CLANG_WARN_OBJC_ROOT_CLASS = YES_ERROR;
				CLANG_WARN_UNREACHABLE_CODE = YES;
				CLANG_WARN__DUPLICATE_METHOD_MATCH = YES;
				"CODE_SIGN_IDENTITY[sdk=iphoneos*]" = "iPhone Developer";
				COPY_PHASE_STRIP = NO;
				DEBUG_INFORMATION_FORMAT = "dwarf-with-dsym";
				ENABLE_NS_ASSERTIONS = NO;
				ENABLE_STRICT_OBJC_MSGSEND = YES;
				GCC_C_LANGUAGE_STANDARD = gnu99;
				GCC_NO_COMMON_BLOCKS = YES;
				GCC_WARN_64_TO_32_BIT_CONVERSION = YES;
				GCC_WARN_ABOUT_RETURN_TYPE = YES_ERROR;
				GCC_WARN_UNDECLARED_SELECTOR = YES;
				GCC_WARN_UNINITIALIZED_AUTOS = YES_AGGRESSIVE;
				GCC_WARN_UNUSED_FUNCTION = YES;
				GCC_WARN_UNUSED_VARIABLE = YES;
				IPHONEOS_DEPLOYMENT_TARGET = 8.3;
				MTL_ENABLE_DEBUG_INFO = NO;
				SDKROOT = iphoneos;
				VALIDATE_PRODUCT = YES;
			};
			name = Release;
		};
		5BDF48821B42DEEB00CBD6E5 /* Debug */ = {
			isa = XCBuildConfiguration;
			buildSettings = {
				ASSETCATALOG_COMPILER_APPICON_NAME = "AppIcon-1";
				ASSETCATALOG_COMPILER_LAUNCHIMAGE_NAME = LaunchImage;
				FRAMEWORK_SEARCH_PATHS = (
					"$(inherited)",
					"$(PROJECT_DIR)/Mercenary",
				);
				INFOPLIST_FILE = Mercenary/Info.plist;
				LD_RUNPATH_SEARCH_PATHS = "$(inherited) @executable_path/Frameworks";
				PRODUCT_NAME = "$(TARGET_NAME)";
			};
			name = Debug;
		};
		5BDF48831B42DEEB00CBD6E5 /* Release */ = {
			isa = XCBuildConfiguration;
			buildSettings = {
				ASSETCATALOG_COMPILER_APPICON_NAME = "AppIcon-1";
				ASSETCATALOG_COMPILER_LAUNCHIMAGE_NAME = LaunchImage;
				FRAMEWORK_SEARCH_PATHS = (
					"$(inherited)",
					"$(PROJECT_DIR)/Mercenary",
				);
				INFOPLIST_FILE = Mercenary/Info.plist;
				LD_RUNPATH_SEARCH_PATHS = "$(inherited) @executable_path/Frameworks";
				PRODUCT_NAME = "$(TARGET_NAME)";
			};
			name = Release;
		};
		5BDF48851B42DEEB00CBD6E5 /* Debug */ = {
			isa = XCBuildConfiguration;
			buildSettings = {
				BUNDLE_LOADER = "$(TEST_HOST)";
				FRAMEWORK_SEARCH_PATHS = (
					"$(SDKROOT)/Developer/Library/Frameworks",
					"$(inherited)",
				);
				GCC_PREPROCESSOR_DEFINITIONS = (
					"DEBUG=1",
					"$(inherited)",
				);
				INFOPLIST_FILE = MercenaryTests/Info.plist;
				LD_RUNPATH_SEARCH_PATHS = "$(inherited) @executable_path/Frameworks @loader_path/Frameworks";
				PRODUCT_NAME = "$(TARGET_NAME)";
				TEST_HOST = "$(BUILT_PRODUCTS_DIR)/Mercenary.app/Mercenary";
			};
			name = Debug;
		};
		5BDF48861B42DEEB00CBD6E5 /* Release */ = {
			isa = XCBuildConfiguration;
			buildSettings = {
				BUNDLE_LOADER = "$(TEST_HOST)";
				FRAMEWORK_SEARCH_PATHS = (
					"$(SDKROOT)/Developer/Library/Frameworks",
					"$(inherited)",
				);
				INFOPLIST_FILE = MercenaryTests/Info.plist;
				LD_RUNPATH_SEARCH_PATHS = "$(inherited) @executable_path/Frameworks @loader_path/Frameworks";
				PRODUCT_NAME = "$(TARGET_NAME)";
				TEST_HOST = "$(BUILT_PRODUCTS_DIR)/Mercenary.app/Mercenary";
			};
			name = Release;
		};
/* End XCBuildConfiguration section */

/* Begin XCConfigurationList section */
		5BDF48591B42DEEA00CBD6E5 /* Build configuration list for PBXProject "Mercenary" */ = {
			isa = XCConfigurationList;
			buildConfigurations = (
				5BDF487F1B42DEEB00CBD6E5 /* Debug */,
				5BDF48801B42DEEB00CBD6E5 /* Release */,
			);
			defaultConfigurationIsVisible = 0;
			defaultConfigurationName = Release;
		};
		5BDF48811B42DEEB00CBD6E5 /* Build configuration list for PBXNativeTarget "Mercenary" */ = {
			isa = XCConfigurationList;
			buildConfigurations = (
				5BDF48821B42DEEB00CBD6E5 /* Debug */,
				5BDF48831B42DEEB00CBD6E5 /* Release */,
			);
			defaultConfigurationIsVisible = 0;
			defaultConfigurationName = Release;
		};
		5BDF48841B42DEEB00CBD6E5 /* Build configuration list for PBXNativeTarget "MercenaryTests" */ = {
			isa = XCConfigurationList;
			buildConfigurations = (
				5BDF48851B42DEEB00CBD6E5 /* Debug */,
				5BDF48861B42DEEB00CBD6E5 /* Release */,
			);
			defaultConfigurationIsVisible = 0;
			defaultConfigurationName = Release;
		};
/* End XCConfigurationList section */
	};
	rootObject = 5BDF48561B42DEEA00CBD6E5 /* Project object */;
}
